{
  "version": 4,
  "terraform_version": "1.0.9",
  "serial": 9,
  "lineage": "7379163b-76db-cfb6-0efb-e611b11da91c",
  "outputs": {
    "service-account": {
      "value": [
        {
          "account_id": "demo-saideep-first",
          "description": "",
          "disabled": false,
          "display_name": "Terraform-managed service account",
          "email": "demo-saideep-first@terraform-practice-25.iam.gserviceaccount.com",
          "id": "projects/terraform-practice-25/serviceAccounts/demo-saideep-first@terraform-practice-25.iam.gserviceaccount.com",
          "name": "projects/terraform-practice-25/serviceAccounts/demo-saideep-first@terraform-practice-25.iam.gserviceaccount.com",
          "project": "terraform-practice-25",
          "timeouts": null,
          "unique_id": "111828231792376479292"
        }
      ],
      "type": [
        "tuple",
        [
          [
            "object",
            {
              "account_id": "string",
              "description": "string",
              "disabled": "bool",
              "display_name": "string",
              "email": "string",
              "id": "string",
              "name": "string",
              "project": "string",
              "timeouts": [
                "object",
                {
                  "create": "string"
                }
              ],
              "unique_id": "string"
            }
          ]
        ]
      ]
    },
    "service-account-email": {
      "value": {
        "first": "demo-saideep-first@terraform-practice-25.iam.gserviceaccount.com"
      },
      "type": [
        "object",
        {
          "first": "string"
        }
      ]
    }
  },
  "resources": [
    {
      "module": "module.service_accounts",
      "mode": "data",
      "type": "template_file",
      "name": "keys",
      "provider": "provider[\"registry.terraform.io/hashicorp/template\"]",
      "instances": [
        {
          "index_key": "first",
          "schema_version": 0,
          "attributes": {
            "filename": null,
            "id": "e3b0c44298fc1c149afbf4c8996fb92427ae41e4649b934ca495991b7852b855",
            "rendered": "",
            "template": "${key}",
            "vars": {
              "key": ""
            }
          },
          "sensitive_attributes": []
        }
      ]
    },
    {
      "module": "module.service_accounts",
      "mode": "managed",
      "type": "google_project_iam_member",
      "name": "project-roles",
      "provider": "provider[\"registry.terraform.io/hashicorp/google\"]",
      "instances": [
        {
          "index_key": "first-terraform-practice-25=\u003eroles/compute.networkAdmin",
          "schema_version": 0,
          "attributes": {
            "condition": [],
            "etag": "BwXQfKQakIQ=",
            "id": "terraform-practice-25/roles/compute.networkAdmin/serviceAccount:demo-saideep-first@terraform-practice-25.iam.gserviceaccount.com",
            "member": "serviceAccount:demo-saideep-first@terraform-practice-25.iam.gserviceaccount.com",
            "project": "terraform-practice-25",
            "role": "roles/compute.networkAdmin"
          },
          "sensitive_attributes": [],
          "private": "bnVsbA==",
          "dependencies": [
            "module.service_accounts.google_service_account.service_accounts"
          ]
        },
        {
          "index_key": "first-terraform-practice-25=\u003eroles/storage.admin",
          "schema_version": 0,
          "attributes": {
            "condition": [],
            "etag": "BwXQfKQakIQ=",
            "id": "terraform-practice-25/roles/storage.admin/serviceAccount:demo-saideep-first@terraform-practice-25.iam.gserviceaccount.com",
            "member": "serviceAccount:demo-saideep-first@terraform-practice-25.iam.gserviceaccount.com",
            "project": "terraform-practice-25",
            "role": "roles/storage.admin"
          },
          "sensitive_attributes": [],
          "private": "bnVsbA==",
          "dependencies": [
            "module.service_accounts.google_service_account.service_accounts"
          ]
        }
      ]
    },
    {
      "module": "module.service_accounts",
      "mode": "managed",
      "type": "google_service_account",
      "name": "service_accounts",
      "provider": "provider[\"registry.terraform.io/hashicorp/google\"]",
      "instances": [
        {
          "index_key": "first",
          "schema_version": 0,
          "attributes": {
            "account_id": "demo-saideep-first",
            "description": "",
            "disabled": false,
            "display_name": "Terraform-managed service account",
            "email": "demo-saideep-first@terraform-practice-25.iam.gserviceaccount.com",
            "id": "projects/terraform-practice-25/serviceAccounts/demo-saideep-first@terraform-practice-25.iam.gserviceaccount.com",
            "name": "projects/terraform-practice-25/serviceAccounts/demo-saideep-first@terraform-practice-25.iam.gserviceaccount.com",
            "project": "terraform-practice-25",
            "timeouts": null,
            "unique_id": "111828231792376479292"
          },
          "sensitive_attributes": [],
          "private": "eyJlMmJmYjczMC1lY2FhLTExZTYtOGY4OC0zNDM2M2JjN2M0YzAiOnsiY3JlYXRlIjozMDAwMDAwMDAwMDB9fQ=="
        }
      ]
    }
  ]
}
